
Microsoft Visual Studio Solution File, Format Version 12.00
# Visual Studio Version 17
VisualStudioVersion = 17.7.34024.191
MinimumVisualStudioVersion = 10.0.40219.1
Project("{FAE04EC0-301F-11D3-BF4B-00C04F79EFBC}") = "NET6ApiReactVideoBlob", "NET6ApiReactVideoBlob\NET6ApiReactVideoBlob.csproj", "{62E505FC-F360-4E39-8D8C-77734AE2D677}"
EndProject
Global
	GlobalSection(SolutionConfigurationPlatforms) = preSolution
		Debug|Any CPU = Debug|Any CPU
		Release|Any CPU = Release|Any CPU
	EndGlobalSection
	GlobalSection(ProjectConfigurationPlatforms) = postSolution
		{62E505FC-F360-4E39-8D8C-77734AE2D677}.Debug|Any CPU.ActiveCfg = Debug|Any CPU
		{62E505FC-F360-4E39-8D8C-77734AE2D677}.Debug|Any CPU.Build.0 = Debug|Any CPU
		{62E505FC-F360-4E39-8D8C-77734AE2D677}.Release|Any CPU.ActiveCfg = Release|Any CPU
		{62E505FC-F360-4E39-8D8C-77734AE2D677}.Release|Any CPU.Build.0 = Release|Any CPU
	EndGlobalSection
	GlobalSection(SolutionProperties) = preSolution
		HideSolutionNode = FALSE
	EndGlobalSection
	GlobalSection(ExtensibilityGlobals) = postSolution
		SolutionGuid = {0C0EEBEC-DF54-4005-9AA6-1B3F8606A473}
	EndGlobalSection
EndGlobal
